
Microsoft Visual Studio Solution File, Format Version 12.00
# Visual Studio Version 16
VisualStudioVersion = 16.0.30114.105
MinimumVisualStudioVersion = 10.0.40219.1
Project("{FAE04EC0-301F-11D3-BF4B-00C04F79EFBC}") = "Vulder.Search.Api", "src\Vulder.Search.Api\Vulder.Search.Api.csproj", "{64567985-4276-486C-A598-DA2613358ED8}"
EndProject
Project("{FAE04EC0-301F-11D3-BF4B-00C04F79EFBC}") = "Vulder.Search.Core", "src\Vulder.Search.Core\Vulder.Search.Core.csproj", "{DD7441B2-4852-41C3-97BE-7C20AAE37F13}"
EndProject
Project("{FAE04EC0-301F-11D3-BF4B-00C04F79EFBC}") = "Vulder.Search.Infrastructure", "src\Vulder.Search.Infrastructure\Vulder.Search.Infrastructure.csproj", "{9DC06F41-D792-474D-9133-ED5DFE7A7BD6}"
EndProject
Project("{FAE04EC0-301F-11D3-BF4B-00C04F79EFBC}") = "Vulder.Search.SharedKernel", "src\Vulder.Search.SharedKernel\Vulder.Search.SharedKernel.csproj", "{C30993CB-C079-4DD4-89E7-71593A976890}"
EndProject
Global
	GlobalSection(SolutionConfigurationPlatforms) = preSolution
		Debug|Any CPU = Debug|Any CPU
		Debug|x64 = Debug|x64
		Debug|x86 = Debug|x86
		Release|Any CPU = Release|Any CPU
		Release|x64 = Release|x64
		Release|x86 = Release|x86
	EndGlobalSection
	GlobalSection(SolutionProperties) = preSolution
		HideSolutionNode = FALSE
	EndGlobalSection
	GlobalSection(ProjectConfigurationPlatforms) = postSolution
		{64567985-4276-486C-A598-DA2613358ED8}.Debug|Any CPU.ActiveCfg = Debug|Any CPU
		{64567985-4276-486C-A598-DA2613358ED8}.Debug|Any CPU.Build.0 = Debug|Any CPU
		{64567985-4276-486C-A598-DA2613358ED8}.Debug|x64.ActiveCfg = Debug|Any CPU
		{64567985-4276-486C-A598-DA2613358ED8}.Debug|x64.Build.0 = Debug|Any CPU
		{64567985-4276-486C-A598-DA2613358ED8}.Debug|x86.ActiveCfg = Debug|Any CPU
		{64567985-4276-486C-A598-DA2613358ED8}.Debug|x86.Build.0 = Debug|Any CPU
		{64567985-4276-486C-A598-DA2613358ED8}.Release|Any CPU.ActiveCfg = Release|Any CPU
		{64567985-4276-486C-A598-DA2613358ED8}.Release|Any CPU.Build.0 = Release|Any CPU
		{64567985-4276-486C-A598-DA2613358ED8}.Release|x64.ActiveCfg = Release|Any CPU
		{64567985-4276-486C-A598-DA2613358ED8}.Release|x64.Build.0 = Release|Any CPU
		{64567985-4276-486C-A598-DA2613358ED8}.Release|x86.ActiveCfg = Release|Any CPU
		{64567985-4276-486C-A598-DA2613358ED8}.Release|x86.Build.0 = Release|Any CPU
		{DD7441B2-4852-41C3-97BE-7C20AAE37F13}.Debug|Any CPU.ActiveCfg = Debug|Any CPU
		{DD7441B2-4852-41C3-97BE-7C20AAE37F13}.Debug|Any CPU.Build.0 = Debug|Any CPU
		{DD7441B2-4852-41C3-97BE-7C20AAE37F13}.Debug|x64.ActiveCfg = Debug|Any CPU
		{DD7441B2-4852-41C3-97BE-7C20AAE37F13}.Debug|x64.Build.0 = Debug|Any CPU
		{DD7441B2-4852-41C3-97BE-7C20AAE37F13}.Debug|x86.ActiveCfg = Debug|Any CPU
		{DD7441B2-4852-41C3-97BE-7C20AAE37F13}.Debug|x86.Build.0 = Debug|Any CPU
		{DD7441B2-4852-41C3-97BE-7C20AAE37F13}.Release|Any CPU.ActiveCfg = Release|Any CPU
		{DD7441B2-4852-41C3-97BE-7C20AAE37F13}.Release|Any CPU.Build.0 = Release|Any CPU
		{DD7441B2-4852-41C3-97BE-7C20AAE37F13}.Release|x64.ActiveCfg = Release|Any CPU
		{DD7441B2-4852-41C3-97BE-7C20AAE37F13}.Release|x64.Build.0 = Release|Any CPU
		{DD7441B2-4852-41C3-97BE-7C20AAE37F13}.Release|x86.ActiveCfg = Release|Any CPU
		{DD7441B2-4852-41C3-97BE-7C20AAE37F13}.Release|x86.Build.0 = Release|Any CPU
		{9DC06F41-D792-474D-9133-ED5DFE7A7BD6}.Debug|Any CPU.ActiveCfg = Debug|Any CPU
		{9DC06F41-D792-474D-9133-ED5DFE7A7BD6}.Debug|Any CPU.Build.0 = Debug|Any CPU
		{9DC06F41-D792-474D-9133-ED5DFE7A7BD6}.Debug|x64.ActiveCfg = Debug|Any CPU
		{9DC06F41-D792-474D-9133-ED5DFE7A7BD6}.Debug|x64.Build.0 = Debug|Any CPU
		{9DC06F41-D792-474D-9133-ED5DFE7A7BD6}.Debug|x86.ActiveCfg = Debug|Any CPU
		{9DC06F41-D792-474D-9133-ED5DFE7A7BD6}.Debug|x86.Build.0 = Debug|Any CPU
		{9DC06F41-D792-474D-9133-ED5DFE7A7BD6}.Release|Any CPU.ActiveCfg = Release|Any CPU
		{9DC06F41-D792-474D-9133-ED5DFE7A7BD6}.Release|Any CPU.Build.0 = Release|Any CPU
		{9DC06F41-D792-474D-9133-ED5DFE7A7BD6}.Release|x64.ActiveCfg = Release|Any CPU
		{9DC06F41-D792-474D-9133-ED5DFE7A7BD6}.Release|x64.Build.0 = Release|Any CPU
		{9DC06F41-D792-474D-9133-ED5DFE7A7BD6}.Release|x86.ActiveCfg = Release|Any CPU
		{9DC06F41-D792-474D-9133-ED5DFE7A7BD6}.Release|x86.Build.0 = Release|Any CPU
		{C30993CB-C079-4DD4-89E7-71593A976890}.Debug|Any CPU.ActiveCfg = Debug|Any CPU
		{C30993CB-C079-4DD4-89E7-71593A976890}.Debug|Any CPU.Build.0 = Debug|Any CPU
		{C30993CB-C079-4DD4-89E7-71593A976890}.Debug|x64.ActiveCfg = Debug|Any CPU
		{C30993CB-C079-4DD4-89E7-71593A976890}.Debug|x64.Build.0 = Debug|Any CPU
		{C30993CB-C079-4DD4-89E7-71593A976890}.Debug|x86.ActiveCfg = Debug|Any CPU
		{C30993CB-C079-4DD4-89E7-71593A976890}.Debug|x86.Build.0 = Debug|Any CPU
		{C30993CB-C079-4DD4-89E7-71593A976890}.Release|Any CPU.ActiveCfg = Release|Any CPU
		{C30993CB-C079-4DD4-89E7-71593A976890}.Release|Any CPU.Build.0 = Release|Any CPU
		{C30993CB-C079-4DD4-89E7-71593A976890}.Release|x64.ActiveCfg = Release|Any CPU
		{C30993CB-C079-4DD4-89E7-71593A976890}.Release|x64.Build.0 = Release|Any CPU
		{C30993CB-C079-4DD4-89E7-71593A976890}.Release|x86.ActiveCfg = Release|Any CPU
		{C30993CB-C079-4DD4-89E7-71593A976890}.Release|x86.Build.0 = Release|Any CPU
	EndGlobalSection
EndGlobal
