
Microsoft Visual Studio Solution File, Format Version 12.00
# Visual Studio Version 16
VisualStudioVersion = 16.6.30114.105
MinimumVisualStudioVersion = 10.0.40219.1
Project("{2150E333-8FDC-42A3-9474-1A3956D46DE8}") = "src", "src", "{CF16F4C8-6D2D-459D-B8D4-9DDFEF1CC6F8}"
EndProject
Project("{FAE04EC0-301F-11D3-BF4B-00C04F79EFBC}") = "Vulder.Api", "src\Vulder.Api\Vulder.Api.csproj", "{095ED9C5-A779-49D4-981C-E5EE911CA0AA}"
EndProject
Project("{FAE04EC0-301F-11D3-BF4B-00C04F79EFBC}") = "Vulder.Core", "src\Vulder.Core\Vulder.Core.csproj", "{D129D8DD-3DC1-43A9-9F3E-975B3DEC392E}"
EndProject
Project("{FAE04EC0-301F-11D3-BF4B-00C04F79EFBC}") = "Vulder.Infrastructure", "src\Vulder.Infrastructure\Vulder.Infrastructure.csproj", "{71173E12-6178-4453-AF77-32FEBE21AE3C}"
EndProject
Project("{FAE04EC0-301F-11D3-BF4B-00C04F79EFBC}") = "Vulder.Scrapper", "src\Vulder.Scrapper\Vulder.Scrapper.csproj", "{922C4275-2B15-400F-880D-76420EF78564}"
EndProject
Project("{FAE04EC0-301F-11D3-BF4B-00C04F79EFBC}") = "Vulder.SharedKernel", "src\Vulder.SharedKernel\Vulder.SharedKernel.csproj", "{1C231503-2B0A-4F21-BEE4-D5569491D120}"
EndProject
Project("{2150E333-8FDC-42A3-9474-1A3956D46DE8}") = "test", "test", "{DEBA52AC-487C-4C87-90FE-0FB745FFAEF1}"
EndProject
Project("{FAE04EC0-301F-11D3-BF4B-00C04F79EFBC}") = "Vulder.Scrapper.Test", "test\Vulder.Scrapper.Test\Vulder.Scrapper.Test.csproj", "{571D5462-DF77-4BE5-B075-53415E899A19}"
EndProject
Global
	GlobalSection(SolutionConfigurationPlatforms) = preSolution
		Debug|Any CPU = Debug|Any CPU
		Debug|x64 = Debug|x64
		Debug|x86 = Debug|x86
		Release|Any CPU = Release|Any CPU
		Release|x64 = Release|x64
		Release|x86 = Release|x86
	EndGlobalSection
	GlobalSection(SolutionProperties) = preSolution
		HideSolutionNode = FALSE
	EndGlobalSection
	GlobalSection(ProjectConfigurationPlatforms) = postSolution
		{095ED9C5-A779-49D4-981C-E5EE911CA0AA}.Debug|Any CPU.ActiveCfg = Debug|Any CPU
		{095ED9C5-A779-49D4-981C-E5EE911CA0AA}.Debug|Any CPU.Build.0 = Debug|Any CPU
		{095ED9C5-A779-49D4-981C-E5EE911CA0AA}.Debug|x64.ActiveCfg = Debug|Any CPU
		{095ED9C5-A779-49D4-981C-E5EE911CA0AA}.Debug|x64.Build.0 = Debug|Any CPU
		{095ED9C5-A779-49D4-981C-E5EE911CA0AA}.Debug|x86.ActiveCfg = Debug|Any CPU
		{095ED9C5-A779-49D4-981C-E5EE911CA0AA}.Debug|x86.Build.0 = Debug|Any CPU
		{095ED9C5-A779-49D4-981C-E5EE911CA0AA}.Release|Any CPU.ActiveCfg = Release|Any CPU
		{095ED9C5-A779-49D4-981C-E5EE911CA0AA}.Release|Any CPU.Build.0 = Release|Any CPU
		{095ED9C5-A779-49D4-981C-E5EE911CA0AA}.Release|x64.ActiveCfg = Release|Any CPU
		{095ED9C5-A779-49D4-981C-E5EE911CA0AA}.Release|x64.Build.0 = Release|Any CPU
		{095ED9C5-A779-49D4-981C-E5EE911CA0AA}.Release|x86.ActiveCfg = Release|Any CPU
		{095ED9C5-A779-49D4-981C-E5EE911CA0AA}.Release|x86.Build.0 = Release|Any CPU
		{D129D8DD-3DC1-43A9-9F3E-975B3DEC392E}.Debug|Any CPU.ActiveCfg = Debug|Any CPU
		{D129D8DD-3DC1-43A9-9F3E-975B3DEC392E}.Debug|Any CPU.Build.0 = Debug|Any CPU
		{D129D8DD-3DC1-43A9-9F3E-975B3DEC392E}.Debug|x64.ActiveCfg = Debug|Any CPU
		{D129D8DD-3DC1-43A9-9F3E-975B3DEC392E}.Debug|x64.Build.0 = Debug|Any CPU
		{D129D8DD-3DC1-43A9-9F3E-975B3DEC392E}.Debug|x86.ActiveCfg = Debug|Any CPU
		{D129D8DD-3DC1-43A9-9F3E-975B3DEC392E}.Debug|x86.Build.0 = Debug|Any CPU
		{D129D8DD-3DC1-43A9-9F3E-975B3DEC392E}.Release|Any CPU.ActiveCfg = Release|Any CPU
		{D129D8DD-3DC1-43A9-9F3E-975B3DEC392E}.Release|Any CPU.Build.0 = Release|Any CPU
		{D129D8DD-3DC1-43A9-9F3E-975B3DEC392E}.Release|x64.ActiveCfg = Release|Any CPU
		{D129D8DD-3DC1-43A9-9F3E-975B3DEC392E}.Release|x64.Build.0 = Release|Any CPU
		{D129D8DD-3DC1-43A9-9F3E-975B3DEC392E}.Release|x86.ActiveCfg = Release|Any CPU
		{D129D8DD-3DC1-43A9-9F3E-975B3DEC392E}.Release|x86.Build.0 = Release|Any CPU
		{71173E12-6178-4453-AF77-32FEBE21AE3C}.Debug|Any CPU.ActiveCfg = Debug|Any CPU
		{71173E12-6178-4453-AF77-32FEBE21AE3C}.Debug|Any CPU.Build.0 = Debug|Any CPU
		{71173E12-6178-4453-AF77-32FEBE21AE3C}.Debug|x64.ActiveCfg = Debug|Any CPU
		{71173E12-6178-4453-AF77-32FEBE21AE3C}.Debug|x64.Build.0 = Debug|Any CPU
		{71173E12-6178-4453-AF77-32FEBE21AE3C}.Debug|x86.ActiveCfg = Debug|Any CPU
		{71173E12-6178-4453-AF77-32FEBE21AE3C}.Debug|x86.Build.0 = Debug|Any CPU
		{71173E12-6178-4453-AF77-32FEBE21AE3C}.Release|Any CPU.ActiveCfg = Release|Any CPU
		{71173E12-6178-4453-AF77-32FEBE21AE3C}.Release|Any CPU.Build.0 = Release|Any CPU
		{71173E12-6178-4453-AF77-32FEBE21AE3C}.Release|x64.ActiveCfg = Release|Any CPU
		{71173E12-6178-4453-AF77-32FEBE21AE3C}.Release|x64.Build.0 = Release|Any CPU
		{71173E12-6178-4453-AF77-32FEBE21AE3C}.Release|x86.ActiveCfg = Release|Any CPU
		{71173E12-6178-4453-AF77-32FEBE21AE3C}.Release|x86.Build.0 = Release|Any CPU
		{922C4275-2B15-400F-880D-76420EF78564}.Debug|Any CPU.ActiveCfg = Debug|Any CPU
		{922C4275-2B15-400F-880D-76420EF78564}.Debug|Any CPU.Build.0 = Debug|Any CPU
		{922C4275-2B15-400F-880D-76420EF78564}.Debug|x64.ActiveCfg = Debug|Any CPU
		{922C4275-2B15-400F-880D-76420EF78564}.Debug|x64.Build.0 = Debug|Any CPU
		{922C4275-2B15-400F-880D-76420EF78564}.Debug|x86.ActiveCfg = Debug|Any CPU
		{922C4275-2B15-400F-880D-76420EF78564}.Debug|x86.Build.0 = Debug|Any CPU
		{922C4275-2B15-400F-880D-76420EF78564}.Release|Any CPU.ActiveCfg = Release|Any CPU
		{922C4275-2B15-400F-880D-76420EF78564}.Release|Any CPU.Build.0 = Release|Any CPU
		{922C4275-2B15-400F-880D-76420EF78564}.Release|x64.ActiveCfg = Release|Any CPU
		{922C4275-2B15-400F-880D-76420EF78564}.Release|x64.Build.0 = Release|Any CPU
		{922C4275-2B15-400F-880D-76420EF78564}.Release|x86.ActiveCfg = Release|Any CPU
		{922C4275-2B15-400F-880D-76420EF78564}.Release|x86.Build.0 = Release|Any CPU
		{1C231503-2B0A-4F21-BEE4-D5569491D120}.Debug|Any CPU.ActiveCfg = Debug|Any CPU
		{1C231503-2B0A-4F21-BEE4-D5569491D120}.Debug|Any CPU.Build.0 = Debug|Any CPU
		{1C231503-2B0A-4F21-BEE4-D5569491D120}.Debug|x64.ActiveCfg = Debug|Any CPU
		{1C231503-2B0A-4F21-BEE4-D5569491D120}.Debug|x64.Build.0 = Debug|Any CPU
		{1C231503-2B0A-4F21-BEE4-D5569491D120}.Debug|x86.ActiveCfg = Debug|Any CPU
		{1C231503-2B0A-4F21-BEE4-D5569491D120}.Debug|x86.Build.0 = Debug|Any CPU
		{1C231503-2B0A-4F21-BEE4-D5569491D120}.Release|Any CPU.ActiveCfg = Release|Any CPU
		{1C231503-2B0A-4F21-BEE4-D5569491D120}.Release|Any CPU.Build.0 = Release|Any CPU
		{1C231503-2B0A-4F21-BEE4-D5569491D120}.Release|x64.ActiveCfg = Release|Any CPU
		{1C231503-2B0A-4F21-BEE4-D5569491D120}.Release|x64.Build.0 = Release|Any CPU
		{1C231503-2B0A-4F21-BEE4-D5569491D120}.Release|x86.ActiveCfg = Release|Any CPU
		{1C231503-2B0A-4F21-BEE4-D5569491D120}.Release|x86.Build.0 = Release|Any CPU
		{571D5462-DF77-4BE5-B075-53415E899A19}.Debug|Any CPU.ActiveCfg = Debug|Any CPU
		{571D5462-DF77-4BE5-B075-53415E899A19}.Debug|Any CPU.Build.0 = Debug|Any CPU
		{571D5462-DF77-4BE5-B075-53415E899A19}.Debug|x64.ActiveCfg = Debug|Any CPU
		{571D5462-DF77-4BE5-B075-53415E899A19}.Debug|x64.Build.0 = Debug|Any CPU
		{571D5462-DF77-4BE5-B075-53415E899A19}.Debug|x86.ActiveCfg = Debug|Any CPU
		{571D5462-DF77-4BE5-B075-53415E899A19}.Debug|x86.Build.0 = Debug|Any CPU
		{571D5462-DF77-4BE5-B075-53415E899A19}.Release|Any CPU.ActiveCfg = Release|Any CPU
		{571D5462-DF77-4BE5-B075-53415E899A19}.Release|Any CPU.Build.0 = Release|Any CPU
		{571D5462-DF77-4BE5-B075-53415E899A19}.Release|x64.ActiveCfg = Release|Any CPU
		{571D5462-DF77-4BE5-B075-53415E899A19}.Release|x64.Build.0 = Release|Any CPU
		{571D5462-DF77-4BE5-B075-53415E899A19}.Release|x86.ActiveCfg = Release|Any CPU
		{571D5462-DF77-4BE5-B075-53415E899A19}.Release|x86.Build.0 = Release|Any CPU
	EndGlobalSection
	GlobalSection(NestedProjects) = preSolution
		{095ED9C5-A779-49D4-981C-E5EE911CA0AA} = {CF16F4C8-6D2D-459D-B8D4-9DDFEF1CC6F8}
		{D129D8DD-3DC1-43A9-9F3E-975B3DEC392E} = {CF16F4C8-6D2D-459D-B8D4-9DDFEF1CC6F8}
		{71173E12-6178-4453-AF77-32FEBE21AE3C} = {CF16F4C8-6D2D-459D-B8D4-9DDFEF1CC6F8}
		{922C4275-2B15-400F-880D-76420EF78564} = {CF16F4C8-6D2D-459D-B8D4-9DDFEF1CC6F8}
		{1C231503-2B0A-4F21-BEE4-D5569491D120} = {CF16F4C8-6D2D-459D-B8D4-9DDFEF1CC6F8}
		{571D5462-DF77-4BE5-B075-53415E899A19} = {DEBA52AC-487C-4C87-90FE-0FB745FFAEF1}
	EndGlobalSection
EndGlobal
