
Microsoft Visual Studio Solution File, Format Version 12.00
# Visual Studio Version 16
VisualStudioVersion = 16.0.30114.105
MinimumVisualStudioVersion = 10.0.40219.1
Project("{2150E333-8FDC-42A3-9474-1A3956D46DE8}") = "src", "src", "{A5FCD3AE-E0AA-41FA-A9E2-E6A32F9F9B7E}"
EndProject
Project("{FAE04EC0-301F-11D3-BF4B-00C04F79EFBC}") = "Vulder.Api", "src\Vulder.Api\Vulder.Api.csproj", "{9479BA29-BC9E-46A7-B7E5-A466670D6FD6}"
EndProject
Project("{FAE04EC0-301F-11D3-BF4B-00C04F79EFBC}") = "Vulder.SharedKernel", "src\Vulder.SharedKernel\Vulder.SharedKernel.csproj", "{936AB40A-C10E-405A-84F0-22E4B20C0D18}"
EndProject
Project("{FAE04EC0-301F-11D3-BF4B-00C04F79EFBC}") = "Vulder.Core", "src\Vulder.Core\Vulder.Core.csproj", "{274DBBEE-772D-4DDF-BF66-1CA1AF44ADCE}"
EndProject
Project("{FAE04EC0-301F-11D3-BF4B-00C04F79EFBC}") = "Vulder.Infrastructure", "src\Vulder.Infrastructure\Vulder.Infrastructure.csproj", "{F23E6BCB-9668-4D97-8F75-B4A5A4E6E6A4}"
EndProject
Project("{2150E333-8FDC-42A3-9474-1A3956D46DE8}") = "test", "test", "{751F452F-D097-4875-AD1C-8AE000DDC79C}"
EndProject
Project("{FAE04EC0-301F-11D3-BF4B-00C04F79EFBC}") = "Vulder.Test", "test\Vulder.Test\Vulder.Test.csproj", "{0C16B460-68F8-43AF-B446-BE95193D2638}"
EndProject
Global
	GlobalSection(SolutionConfigurationPlatforms) = preSolution
		Debug|Any CPU = Debug|Any CPU
		Debug|x64 = Debug|x64
		Debug|x86 = Debug|x86
		Release|Any CPU = Release|Any CPU
		Release|x64 = Release|x64
		Release|x86 = Release|x86
	EndGlobalSection
	GlobalSection(SolutionProperties) = preSolution
		HideSolutionNode = FALSE
	EndGlobalSection
	GlobalSection(ProjectConfigurationPlatforms) = postSolution
		{9479BA29-BC9E-46A7-B7E5-A466670D6FD6}.Debug|Any CPU.ActiveCfg = Debug|Any CPU
		{9479BA29-BC9E-46A7-B7E5-A466670D6FD6}.Debug|Any CPU.Build.0 = Debug|Any CPU
		{9479BA29-BC9E-46A7-B7E5-A466670D6FD6}.Debug|x64.ActiveCfg = Debug|Any CPU
		{9479BA29-BC9E-46A7-B7E5-A466670D6FD6}.Debug|x64.Build.0 = Debug|Any CPU
		{9479BA29-BC9E-46A7-B7E5-A466670D6FD6}.Debug|x86.ActiveCfg = Debug|Any CPU
		{9479BA29-BC9E-46A7-B7E5-A466670D6FD6}.Debug|x86.Build.0 = Debug|Any CPU
		{9479BA29-BC9E-46A7-B7E5-A466670D6FD6}.Release|Any CPU.ActiveCfg = Release|Any CPU
		{9479BA29-BC9E-46A7-B7E5-A466670D6FD6}.Release|Any CPU.Build.0 = Release|Any CPU
		{9479BA29-BC9E-46A7-B7E5-A466670D6FD6}.Release|x64.ActiveCfg = Release|Any CPU
		{9479BA29-BC9E-46A7-B7E5-A466670D6FD6}.Release|x64.Build.0 = Release|Any CPU
		{9479BA29-BC9E-46A7-B7E5-A466670D6FD6}.Release|x86.ActiveCfg = Release|Any CPU
		{9479BA29-BC9E-46A7-B7E5-A466670D6FD6}.Release|x86.Build.0 = Release|Any CPU
		{936AB40A-C10E-405A-84F0-22E4B20C0D18}.Debug|Any CPU.ActiveCfg = Debug|Any CPU
		{936AB40A-C10E-405A-84F0-22E4B20C0D18}.Debug|Any CPU.Build.0 = Debug|Any CPU
		{936AB40A-C10E-405A-84F0-22E4B20C0D18}.Debug|x64.ActiveCfg = Debug|Any CPU
		{936AB40A-C10E-405A-84F0-22E4B20C0D18}.Debug|x64.Build.0 = Debug|Any CPU
		{936AB40A-C10E-405A-84F0-22E4B20C0D18}.Debug|x86.ActiveCfg = Debug|Any CPU
		{936AB40A-C10E-405A-84F0-22E4B20C0D18}.Debug|x86.Build.0 = Debug|Any CPU
		{936AB40A-C10E-405A-84F0-22E4B20C0D18}.Release|Any CPU.ActiveCfg = Release|Any CPU
		{936AB40A-C10E-405A-84F0-22E4B20C0D18}.Release|Any CPU.Build.0 = Release|Any CPU
		{936AB40A-C10E-405A-84F0-22E4B20C0D18}.Release|x64.ActiveCfg = Release|Any CPU
		{936AB40A-C10E-405A-84F0-22E4B20C0D18}.Release|x64.Build.0 = Release|Any CPU
		{936AB40A-C10E-405A-84F0-22E4B20C0D18}.Release|x86.ActiveCfg = Release|Any CPU
		{936AB40A-C10E-405A-84F0-22E4B20C0D18}.Release|x86.Build.0 = Release|Any CPU
		{274DBBEE-772D-4DDF-BF66-1CA1AF44ADCE}.Debug|Any CPU.ActiveCfg = Debug|Any CPU
		{274DBBEE-772D-4DDF-BF66-1CA1AF44ADCE}.Debug|Any CPU.Build.0 = Debug|Any CPU
		{274DBBEE-772D-4DDF-BF66-1CA1AF44ADCE}.Debug|x64.ActiveCfg = Debug|Any CPU
		{274DBBEE-772D-4DDF-BF66-1CA1AF44ADCE}.Debug|x64.Build.0 = Debug|Any CPU
		{274DBBEE-772D-4DDF-BF66-1CA1AF44ADCE}.Debug|x86.ActiveCfg = Debug|Any CPU
		{274DBBEE-772D-4DDF-BF66-1CA1AF44ADCE}.Debug|x86.Build.0 = Debug|Any CPU
		{274DBBEE-772D-4DDF-BF66-1CA1AF44ADCE}.Release|Any CPU.ActiveCfg = Release|Any CPU
		{274DBBEE-772D-4DDF-BF66-1CA1AF44ADCE}.Release|Any CPU.Build.0 = Release|Any CPU
		{274DBBEE-772D-4DDF-BF66-1CA1AF44ADCE}.Release|x64.ActiveCfg = Release|Any CPU
		{274DBBEE-772D-4DDF-BF66-1CA1AF44ADCE}.Release|x64.Build.0 = Release|Any CPU
		{274DBBEE-772D-4DDF-BF66-1CA1AF44ADCE}.Release|x86.ActiveCfg = Release|Any CPU
		{274DBBEE-772D-4DDF-BF66-1CA1AF44ADCE}.Release|x86.Build.0 = Release|Any CPU
		{F23E6BCB-9668-4D97-8F75-B4A5A4E6E6A4}.Debug|Any CPU.ActiveCfg = Debug|Any CPU
		{F23E6BCB-9668-4D97-8F75-B4A5A4E6E6A4}.Debug|Any CPU.Build.0 = Debug|Any CPU
		{F23E6BCB-9668-4D97-8F75-B4A5A4E6E6A4}.Debug|x64.ActiveCfg = Debug|Any CPU
		{F23E6BCB-9668-4D97-8F75-B4A5A4E6E6A4}.Debug|x64.Build.0 = Debug|Any CPU
		{F23E6BCB-9668-4D97-8F75-B4A5A4E6E6A4}.Debug|x86.ActiveCfg = Debug|Any CPU
		{F23E6BCB-9668-4D97-8F75-B4A5A4E6E6A4}.Debug|x86.Build.0 = Debug|Any CPU
		{F23E6BCB-9668-4D97-8F75-B4A5A4E6E6A4}.Release|Any CPU.ActiveCfg = Release|Any CPU
		{F23E6BCB-9668-4D97-8F75-B4A5A4E6E6A4}.Release|Any CPU.Build.0 = Release|Any CPU
		{F23E6BCB-9668-4D97-8F75-B4A5A4E6E6A4}.Release|x64.ActiveCfg = Release|Any CPU
		{F23E6BCB-9668-4D97-8F75-B4A5A4E6E6A4}.Release|x64.Build.0 = Release|Any CPU
		{F23E6BCB-9668-4D97-8F75-B4A5A4E6E6A4}.Release|x86.ActiveCfg = Release|Any CPU
		{F23E6BCB-9668-4D97-8F75-B4A5A4E6E6A4}.Release|x86.Build.0 = Release|Any CPU
		{0C16B460-68F8-43AF-B446-BE95193D2638}.Debug|Any CPU.ActiveCfg = Debug|Any CPU
		{0C16B460-68F8-43AF-B446-BE95193D2638}.Debug|Any CPU.Build.0 = Debug|Any CPU
		{0C16B460-68F8-43AF-B446-BE95193D2638}.Debug|x64.ActiveCfg = Debug|Any CPU
		{0C16B460-68F8-43AF-B446-BE95193D2638}.Debug|x64.Build.0 = Debug|Any CPU
		{0C16B460-68F8-43AF-B446-BE95193D2638}.Debug|x86.ActiveCfg = Debug|Any CPU
		{0C16B460-68F8-43AF-B446-BE95193D2638}.Debug|x86.Build.0 = Debug|Any CPU
		{0C16B460-68F8-43AF-B446-BE95193D2638}.Release|Any CPU.ActiveCfg = Release|Any CPU
		{0C16B460-68F8-43AF-B446-BE95193D2638}.Release|Any CPU.Build.0 = Release|Any CPU
		{0C16B460-68F8-43AF-B446-BE95193D2638}.Release|x64.ActiveCfg = Release|Any CPU
		{0C16B460-68F8-43AF-B446-BE95193D2638}.Release|x64.Build.0 = Release|Any CPU
		{0C16B460-68F8-43AF-B446-BE95193D2638}.Release|x86.ActiveCfg = Release|Any CPU
		{0C16B460-68F8-43AF-B446-BE95193D2638}.Release|x86.Build.0 = Release|Any CPU
	EndGlobalSection
	GlobalSection(NestedProjects) = preSolution
		{9479BA29-BC9E-46A7-B7E5-A466670D6FD6} = {A5FCD3AE-E0AA-41FA-A9E2-E6A32F9F9B7E}
		{936AB40A-C10E-405A-84F0-22E4B20C0D18} = {A5FCD3AE-E0AA-41FA-A9E2-E6A32F9F9B7E}
		{274DBBEE-772D-4DDF-BF66-1CA1AF44ADCE} = {A5FCD3AE-E0AA-41FA-A9E2-E6A32F9F9B7E}
		{F23E6BCB-9668-4D97-8F75-B4A5A4E6E6A4} = {A5FCD3AE-E0AA-41FA-A9E2-E6A32F9F9B7E}
		{0C16B460-68F8-43AF-B446-BE95193D2638} = {751F452F-D097-4875-AD1C-8AE000DDC79C}
	EndGlobalSection
EndGlobal
